
Microsoft Visual Studio Solution File, Format Version 12.00
# Visual Studio Version 17
VisualStudioVersion = 17.10.35027.167
MinimumVisualStudioVersion = 10.0.40219.1
Project("{9A19103F-16F7-4668-BE54-9A1E7A4F7556}") = "CreateWebAPI", "CreateWebAPI\CreateWebAPI.csproj", "{7C67334A-A5BB-4D16-95BA-74A451D02350}"
EndProject
Project("{9A19103F-16F7-4668-BE54-9A1E7A4F7556}") = "Contracts", "Contracts\Contracts.csproj", "{1A74826B-F077-4BE7-AA0B-0930D855C0E9}"
EndProject
Project("{9A19103F-16F7-4668-BE54-9A1E7A4F7556}") = "LoggerService", "LoggerService\LoggerService.csproj", "{C4001F26-6353-4E33-8144-E2D14F6068FC}"
EndProject
Project("{9A19103F-16F7-4668-BE54-9A1E7A4F7556}") = "Entities", "Entities\Entities.csproj", "{2C99579A-5B8D-4C67-9BBA-E92CBD4A0B3C}"
EndProject
Project("{9A19103F-16F7-4668-BE54-9A1E7A4F7556}") = "Repository", "Repository\Repository.csproj", "{79E4088F-2D55-431E-9DB6-DE3CC83F0B40}"
EndProject
Project("{FAE04EC0-301F-11D3-BF4B-00C04F79EFBC}") = "Service.Contracts", "Service.Contracts\Service.Contracts.csproj", "{44DEF0DF-F220-446B-B8A2-E4A52BE489EA}"
EndProject
Project("{FAE04EC0-301F-11D3-BF4B-00C04F79EFBC}") = "Service", "Service\Service.csproj", "{3D8BCE8C-5B24-4F13-A863-E1187C0C37CD}"
EndProject
Global
	GlobalSection(SolutionConfigurationPlatforms) = preSolution
		Debug|Any CPU = Debug|Any CPU
		Release|Any CPU = Release|Any CPU
	EndGlobalSection
	GlobalSection(ProjectConfigurationPlatforms) = postSolution
		{7C67334A-A5BB-4D16-95BA-74A451D02350}.Debug|Any CPU.ActiveCfg = Debug|Any CPU
		{7C67334A-A5BB-4D16-95BA-74A451D02350}.Debug|Any CPU.Build.0 = Debug|Any CPU
		{7C67334A-A5BB-4D16-95BA-74A451D02350}.Release|Any CPU.ActiveCfg = Release|Any CPU
		{7C67334A-A5BB-4D16-95BA-74A451D02350}.Release|Any CPU.Build.0 = Release|Any CPU
		{1A74826B-F077-4BE7-AA0B-0930D855C0E9}.Debug|Any CPU.ActiveCfg = Debug|Any CPU
		{1A74826B-F077-4BE7-AA0B-0930D855C0E9}.Debug|Any CPU.Build.0 = Debug|Any CPU
		{1A74826B-F077-4BE7-AA0B-0930D855C0E9}.Release|Any CPU.ActiveCfg = Release|Any CPU
		{1A74826B-F077-4BE7-AA0B-0930D855C0E9}.Release|Any CPU.Build.0 = Release|Any CPU
		{C4001F26-6353-4E33-8144-E2D14F6068FC}.Debug|Any CPU.ActiveCfg = Debug|Any CPU
		{C4001F26-6353-4E33-8144-E2D14F6068FC}.Debug|Any CPU.Build.0 = Debug|Any CPU
		{C4001F26-6353-4E33-8144-E2D14F6068FC}.Release|Any CPU.ActiveCfg = Release|Any CPU
		{C4001F26-6353-4E33-8144-E2D14F6068FC}.Release|Any CPU.Build.0 = Release|Any CPU
		{2C99579A-5B8D-4C67-9BBA-E92CBD4A0B3C}.Debug|Any CPU.ActiveCfg = Debug|Any CPU
		{2C99579A-5B8D-4C67-9BBA-E92CBD4A0B3C}.Debug|Any CPU.Build.0 = Debug|Any CPU
		{2C99579A-5B8D-4C67-9BBA-E92CBD4A0B3C}.Release|Any CPU.ActiveCfg = Release|Any CPU
		{2C99579A-5B8D-4C67-9BBA-E92CBD4A0B3C}.Release|Any CPU.Build.0 = Release|Any CPU
		{79E4088F-2D55-431E-9DB6-DE3CC83F0B40}.Debug|Any CPU.ActiveCfg = Debug|Any CPU
		{79E4088F-2D55-431E-9DB6-DE3CC83F0B40}.Debug|Any CPU.Build.0 = Debug|Any CPU
		{79E4088F-2D55-431E-9DB6-DE3CC83F0B40}.Release|Any CPU.ActiveCfg = Release|Any CPU
		{79E4088F-2D55-431E-9DB6-DE3CC83F0B40}.Release|Any CPU.Build.0 = Release|Any CPU
		{44DEF0DF-F220-446B-B8A2-E4A52BE489EA}.Debug|Any CPU.ActiveCfg = Debug|Any CPU
		{44DEF0DF-F220-446B-B8A2-E4A52BE489EA}.Debug|Any CPU.Build.0 = Debug|Any CPU
		{44DEF0DF-F220-446B-B8A2-E4A52BE489EA}.Release|Any CPU.ActiveCfg = Release|Any CPU
		{44DEF0DF-F220-446B-B8A2-E4A52BE489EA}.Release|Any CPU.Build.0 = Release|Any CPU
		{3D8BCE8C-5B24-4F13-A863-E1187C0C37CD}.Debug|Any CPU.ActiveCfg = Debug|Any CPU
		{3D8BCE8C-5B24-4F13-A863-E1187C0C37CD}.Debug|Any CPU.Build.0 = Debug|Any CPU
		{3D8BCE8C-5B24-4F13-A863-E1187C0C37CD}.Release|Any CPU.ActiveCfg = Release|Any CPU
		{3D8BCE8C-5B24-4F13-A863-E1187C0C37CD}.Release|Any CPU.Build.0 = Release|Any CPU
	EndGlobalSection
	GlobalSection(SolutionProperties) = preSolution
		HideSolutionNode = FALSE
	EndGlobalSection
	GlobalSection(ExtensibilityGlobals) = postSolution
		SolutionGuid = {148E13A4-1664-4111-B76B-A84190759E09}
	EndGlobalSection
EndGlobal
